
Microsoft Visual Studio Solution File, Format Version 12.00
# Visual Studio 15
VisualStudioVersion = 15.0.28307.960
MinimumVisualStudioVersion = 10.0.40219.1
Project("{FAE04EC0-301F-11D3-BF4B-00C04F79EFBC}") = "CalendarTesting", "CalendarTesting\CalendarTesting.csproj", "{FA9D75FA-C5F8-4E42-9C31-2E177D9CE28F}"
EndProject
Global
	GlobalSection(SolutionConfigurationPlatforms) = preSolution
		Debug|Any CPU = Debug|Any CPU
		Release|Any CPU = Release|Any CPU
	EndGlobalSection
	GlobalSection(ProjectConfigurationPlatforms) = postSolution
		{FA9D75FA-C5F8-4E42-9C31-2E177D9CE28F}.Debug|Any CPU.ActiveCfg = Debug|Any CPU
		{FA9D75FA-C5F8-4E42-9C31-2E177D9CE28F}.Debug|Any CPU.Build.0 = Debug|Any CPU
		{FA9D75FA-C5F8-4E42-9C31-2E177D9CE28F}.Release|Any CPU.ActiveCfg = Release|Any CPU
		{FA9D75FA-C5F8-4E42-9C31-2E177D9CE28F}.Release|Any CPU.Build.0 = Release|Any CPU
	EndGlobalSection
	GlobalSection(SolutionProperties) = preSolution
		HideSolutionNode = FALSE
	EndGlobalSection
	GlobalSection(ExtensibilityGlobals) = postSolution
		SolutionGuid = {084422E7-0D83-4036-8D35-CBD9BF3A060A}
	EndGlobalSection
EndGlobal
